# THIS IS AN AUTOGENERATED FILE. DO NOT EDIT THIS FILE DIRECTLY.
# yarn lockfile v1


"@actions/core@^1.9.1":
  version "1.10.0"
  resolved "https://registry.yarnpkg.com/@actions/core/-/core-1.10.0.tgz#44551c3c71163949a2f06e94d9ca2157a0cfac4f"
  integrity sha512-2aZDDa3zrrZbP5ZYg159sNoLRb61nQ7awl5pSvIq5Qpj81vwDzdMRKzkWJGJuwVvWpvZKx7vspJALyvaaIQyug==
  dependencies:
    "@actions/http-client" "^2.0.1"
    uuid "^8.3.2"

"@actions/http-client@^2.0.1":
  version "2.0.1"
  resolved "https://registry.yarnpkg.com/@actions/http-client/-/http-client-2.0.1.tgz#873f4ca98fe32f6839462a6f046332677322f99c"
  integrity sha512-PIXiMVtz6VvyaRsGY268qvj57hXQEpsYogYOu2nrQhlf+XCGmZstmuZBbAybUl1nQGnvS1k1eEsQ69ZoD7xlSw==
  dependencies:
    tunnel "^0.0.6"

"@types/debug@^4.0.0":
  version "4.1.7"
  resolved "https://registry.yarnpkg.com/@types/debug/-/debug-4.1.7.tgz#7cc0ea761509124709b8b2d1090d8f6c17aadb82"
  integrity sha512-9AonUzyTjXXhEOa0DnqpzZi6VHlqKMswga9EXjpXnnqxwLtdvPPtlO8evrI5D9S6asFRCQ6v+wpiUKbw+vKqyg==
  dependencies:
    "@types/ms" "*"

"@types/hast@^2.0.0":
  version "2.3.4"
  resolved "https://registry.yarnpkg.com/@types/hast/-/hast-2.3.4.tgz#8aa5ef92c117d20d974a82bdfb6a648b08c0bafc"
  integrity sha512-wLEm0QvaoawEDoTRwzTXp4b4jpwiJDvR5KMnFnVodm3scufTlBOWRD6N1OBf9TZMhjlNsSfcO5V+7AF4+Vy+9g==
  dependencies:
    "@types/unist" "*"

"@types/mdast@^3.0.0":
  version "3.0.10"
  resolved "https://registry.yarnpkg.com/@types/mdast/-/mdast-3.0.10.tgz#4724244a82a4598884cbbe9bcfd73dff927ee8af"
  integrity sha512-W864tg/Osz1+9f4lrGTZpCSO5/z4608eUp19tbozkq2HJK6i3z1kT0H9tlADXuYIb1YYOBByU4Jsqkk75q48qA==
  dependencies:
    "@types/unist" "*"

"@types/ms@*":
  version "0.7.31"
  resolved "https://registry.yarnpkg.com/@types/ms/-/ms-0.7.31.tgz#31b7ca6407128a3d2bbc27fe2d21b345397f6197"
  integrity sha512-iiUgKzV9AuaEkZqkOLDIvlQiL6ltuZd9tGcW3gwpnX8JbuiuhFlEGmmFXEXkN50Cvq7Os88IY2v0dkDqXYWVgA==

"@types/unist@*", "@types/unist@^2.0.0":
  version "2.0.6"
  resolved "https://registry.yarnpkg.com/@types/unist/-/unist-2.0.6.tgz#250a7b16c3b91f672a24552ec64678eeb1d3a08d"
  integrity sha512-PBjIUxZHOuj0R15/xuwJYjFi+KZdNFrehocChv4g5hu6aFroHue8m0lBP0POdK2nKzbw0cgV1mws8+V/JAcEkQ==

argparse@^1.0.7:
  version "1.0.10"
  resolved "https://registry.yarnpkg.com/argparse/-/argparse-1.0.10.tgz#bcd6791ea5ae09725e17e5ad988134cd40b3d911"
  integrity sha512-o5Roy6tNG4SL/FOkCAN6RzjiakZS25RLYFrcMttJqbdd8BWrnA+fGz57iN5Pb06pvBGvl5gQ0B48dJlslXvoTg==
  dependencies:
    sprintf-js "~1.0.2"

bail@^2.0.0:
  version "2.0.2"
  resolved "https://registry.yarnpkg.com/bail/-/bail-2.0.2.tgz#d26f5cd8fe5d6f832a31517b9f7c356040ba6d5d"
  integrity sha512-0xO6mYd7JB2YesxDKplafRpsiOzPt9V02ddPCLbY1xYGPOX24NTyN50qnUxgCPcSoYMhKpAuBTjQoRZCAkUDRw==

ccount@^2.0.0:
  version "2.0.1"
  resolved "https://registry.yarnpkg.com/ccount/-/ccount-2.0.1.tgz#17a3bf82302e0870d6da43a01311a8bc02a3ecf5"
  integrity sha512-eyrF0jiFpY+3drT6383f1qhkbGsLSifNAjA61IUjZjmLCWjItY6LB9ft9YhoDgwfmclB2zhu51Lc7+95b8NRAg==

character-entities-html4@^2.0.0:
  version "2.1.0"
  resolved "https://registry.yarnpkg.com/character-entities-html4/-/character-entities-html4-2.1.0.tgz#1f1adb940c971a4b22ba39ddca6b618dc6e56b2b"
  integrity sha512-1v7fgQRj6hnSwFpq1Eu0ynr/CDEw0rXo2B61qXrLNdHZmPKgb7fqS1a2JwF0rISo9q77jDI8VMEHoApn8qDoZA==

character-entities-legacy@^3.0.0:
  version "3.0.0"
  resolved "https://registry.yarnpkg.com/character-entities-legacy/-/character-entities-legacy-3.0.0.tgz#76bc83a90738901d7bc223a9e93759fdd560125b"
  integrity sha512-RpPp0asT/6ufRm//AJVwpViZbGM/MkjQFxJccQRHmISF/22NBtsHqAWmL+/pmkPWoIUJdWyeVleTl1wydHATVQ==

character-entities@^2.0.0:
  version "2.0.2"
  resolved "https://registry.yarnpkg.com/character-entities/-/character-entities-2.0.2.tgz#2d09c2e72cd9523076ccb21157dff66ad43fcc22"
  integrity sha512-shx7oQ0Awen/BRIdkjkvz54PnEEI/EjwXDSIZp86/KKdbafHh1Df/RYGBhn4hbe2+uKC9FnT5UCEdyPz3ai9hQ==

comma-separated-tokens@^2.0.0:
  version "2.0.3"
  resolved "https://registry.yarnpkg.com/comma-separated-tokens/-/comma-separated-tokens-2.0.3.tgz#4e89c9458acb61bc8fef19f4529973b2392839ee"
  integrity sha512-Fu4hJdvzeylCfQPp9SGWidpzrMs7tTrlu6Vb8XGaRGck8QSNZJJp538Wrb60Lax4fPwR64ViY468OIUTbRlGZg==

data-uri-to-buffer@^4.0.0:
  version "4.0.0"
  resolved "https://registry.yarnpkg.com/data-uri-to-buffer/-/data-uri-to-buffer-4.0.0.tgz#b5db46aea50f6176428ac05b73be39a57701a64b"
  integrity sha512-Vr3mLBA8qWmcuschSLAOogKgQ/Jwxulv3RNE4FXnYWRGujzrRWQI4m12fQqRkwX06C0KanhLr4hK+GydchZsaA==

date-fns@^2.29.3:
  version "2.29.3"
  resolved "https://registry.yarnpkg.com/date-fns/-/date-fns-2.29.3.tgz#27402d2fc67eb442b511b70bbdf98e6411cd68a8"
  integrity sha512-dDCnyH2WnnKusqvZZ6+jA1O51Ibt8ZMRNkDZdyAyK4YfbDwa/cEmuztzG5pk6hqlp9aSBPYcjOlktquahGwGeA==

debug@^4.0.0:
  version "4.3.4"
  resolved "https://registry.yarnpkg.com/debug/-/debug-4.3.4.tgz#1319f6579357f2338d3337d2cdd4914bb5dcc865"
  integrity sha512-PRWFHuSU3eDtQJPvnNY7Jcket1j0t5OuOsFzPPzsekD52Zl8qUfFIPEiswXqIvHWGVHOgX+7G/vCNNhehwxfkQ==
  dependencies:
    ms "2.1.2"

decode-named-character-reference@^1.0.0:
  version "1.0.2"
  resolved "https://registry.yarnpkg.com/decode-named-character-reference/-/decode-named-character-reference-1.0.2.tgz#daabac9690874c394c81e4162a0304b35d824f0e"
  integrity sha512-O8x12RzrUF8xyVcY0KJowWsmaJxQbmy0/EtnNtHRpsOcT7dFk5W598coHqBVpmWo1oQQfsCqfCmkZN5DJrZVdg==
  dependencies:
    character-entities "^2.0.0"

dequal@^2.0.0:
  version "2.0.3"
  resolved "https://registry.yarnpkg.com/dequal/-/dequal-2.0.3.tgz#2644214f1997d39ed0ee0ece72335490a7ac67be"
  integrity sha512-0je+qPKHEMohvfRTCEo3CrPG6cAzAYgmzKyxRiYSSDkS6eGJdyVJm7WaYA5ECaAD9wLB2T4EEeymA5aFVcYXCA==

diff@^5.0.0:
  version "5.1.0"
  resolved "https://registry.yarnpkg.com/diff/-/diff-5.1.0.tgz#bc52d298c5ea8df9194800224445ed43ffc87e40"
  integrity sha512-D+mk+qE8VC/PAUrlAU34N+VfXev0ghe5ywmpqrawphmVZc1bEfn56uo9qpyGp1p4xpzOHkSW4ztBd6L7Xx4ACw==

esprima@^4.0.0:
  version "4.0.1"
  resolved "https://registry.yarnpkg.com/esprima/-/esprima-4.0.1.tgz#13b04cdb3e6c5d19df91ab6987a8695619b0aa71"
  integrity sha512-eGuFFw7Upda+g4p+QHvnW0RyTX/SVeJBDM/gCtMARO0cLuT2HcEKnTPvhjV6aGeqrCB/sbNop0Kszm0jsaWU4A==

extend-shallow@^2.0.1:
  version "2.0.1"
  resolved "https://registry.yarnpkg.com/extend-shallow/-/extend-shallow-2.0.1.tgz#51af7d614ad9a9f610ea1bafbb989d6b1c56890f"
  integrity sha512-zCnTtlxNoAiDc3gqY2aYAWFx7XWWiasuF2K8Me5WbN8otHKTUKBwjPtNpRs/rbUZm7KxWAaNj7P1a/p52GbVug==
  dependencies:
    is-extendable "^0.1.0"

extend@^3.0.0:
  version "3.0.2"
  resolved "https://registry.yarnpkg.com/extend/-/extend-3.0.2.tgz#f8b1136b4071fbd8eb140aff858b1019ec2915fa"
  integrity sha512-fjquC59cD7CyW6urNXK0FBufkZcoiGG80wTuPujX590cB5Ttln20E2UB4S/WARVqhXffZl2LNgS+gQdPIIim/g==

fetch-blob@^3.1.2, fetch-blob@^3.1.4:
  version "3.2.0"
  resolved "https://registry.yarnpkg.com/fetch-blob/-/fetch-blob-3.2.0.tgz#f09b8d4bbd45adc6f0c20b7e787e793e309dcce9"
  integrity sha512-7yAQpD2UMJzLi1Dqv7qFYnPbaPx7ZfFK6PiIxQ4PfkGPyNyl2Ugx+a/umUonmKqjhM4DnfbMvdX6otXq83soQQ==
  dependencies:
    node-domexception "^1.0.0"
    web-streams-polyfill "^3.0.3"

formdata-polyfill@^4.0.10:
  version "4.0.10"
  resolved "https://registry.yarnpkg.com/formdata-polyfill/-/formdata-polyfill-4.0.10.tgz#24807c31c9d402e002ab3d8c720144ceb8848423"
  integrity sha512-buewHzMvYL29jdeQTVILecSaZKnt/RJWjoZCF5OW60Z67/GmSLBkOFM7qh1PI3zFNtJbaZL5eQu1vLfazOwj4g==
  dependencies:
    fetch-blob "^3.1.2"

gray-matter@^4.0.3:
  version "4.0.3"
  resolved "https://registry.yarnpkg.com/gray-matter/-/gray-matter-4.0.3.tgz#e893c064825de73ea1f5f7d88c7a9f7274288798"
  integrity sha512-5v6yZd4JK3eMI3FqqCouswVqwugaA9r4dNZB1wwcmrD02QkV5H0y7XBQW8QwQqEaZY1pM9aqORSORhJRdNK44Q==
  dependencies:
    js-yaml "^3.13.1"
    kind-of "^6.0.2"
    section-matter "^1.0.0"
    strip-bom-string "^1.0.0"

hast-util-is-element@^2.0.0:
  version "2.1.2"
  resolved "https://registry.yarnpkg.com/hast-util-is-element/-/hast-util-is-element-2.1.2.tgz#fc0b0dc7cef3895e839b8d66979d57b0338c68f3"
  integrity sha512-thjnlGAnwP8ef/GSO1Q8BfVk2gundnc2peGQqEg2kUt/IqesiGg/5mSwN2fE7nLzy61pg88NG6xV+UrGOrx9EA==
  dependencies:
    "@types/hast" "^2.0.0"
    "@types/unist" "^2.0.0"

hast-util-sanitize@^4.0.0:
  version "4.0.0"
  resolved "https://registry.yarnpkg.com/hast-util-sanitize/-/hast-util-sanitize-4.0.0.tgz#71a02ca2e50d04b852a5500846418070ca364f60"
  integrity sha512-pw56+69jq+QSr/coADNvWTmBPDy+XsmwaF5KnUys4/wM1jt/fZdl7GPxhXXXYdXnz3Gj3qMkbUCH2uKjvX0MgQ==
  dependencies:
    "@types/hast" "^2.0.0"

hast-util-to-html@^8.0.0:
  version "8.0.3"
  resolved "https://registry.yarnpkg.com/hast-util-to-html/-/hast-util-to-html-8.0.3.tgz#4e37580872e143ea9ce0dba87918b19e4ea997e3"
  integrity sha512-/D/E5ymdPYhHpPkuTHOUkSatxr4w1ZKrZsG0Zv/3C2SRVT0JFJG53VS45AMrBtYk0wp5A7ksEhiC8QaOZM95+A==
  dependencies:
    "@types/hast" "^2.0.0"
    ccount "^2.0.0"
    comma-separated-tokens "^2.0.0"
    hast-util-is-element "^2.0.0"
    hast-util-whitespace "^2.0.0"
    html-void-elements "^2.0.0"
    property-information "^6.0.0"
    space-separated-tokens "^2.0.0"
    stringify-entities "^4.0.2"
    unist-util-is "^5.0.0"

hast-util-whitespace@^2.0.0:
  version "2.0.0"
  resolved "https://registry.yarnpkg.com/hast-util-whitespace/-/hast-util-whitespace-2.0.0.tgz#4fc1086467cc1ef5ba20673cb6b03cec3a970f1c"
  integrity sha512-Pkw+xBHuV6xFeJprJe2BBEoDV+AvQySaz3pPDRUs5PNZEMQjpXJJueqrpcHIXxnWTcAGi/UOCgVShlkY6kLoqg==

html-void-elements@^2.0.0:
  version "2.0.1"
  resolved "https://registry.yarnpkg.com/html-void-elements/-/html-void-elements-2.0.1.tgz#29459b8b05c200b6c5ee98743c41b979d577549f"
  integrity sha512-0quDb7s97CfemeJAnW9wC0hw78MtW7NU3hqtCD75g2vFlDLt36llsYD7uB7SUzojLMP24N5IatXf7ylGXiGG9A==

is-buffer@^2.0.0:
  version "2.0.5"
  resolved "https://registry.yarnpkg.com/is-buffer/-/is-buffer-2.0.5.tgz#ebc252e400d22ff8d77fa09888821a24a658c191"
  integrity sha512-i2R6zNFDwgEHJyQUtJEk0XFi1i0dPFn/oqjK3/vPCcDeJvW5NQ83V8QbicfF1SupOaB0h8ntgBC2YiE7dfyctQ==

is-extendable@^0.1.0:
  version "0.1.1"
  resolved "https://registry.yarnpkg.com/is-extendable/-/is-extendable-0.1.1.tgz#62b110e289a471418e3ec36a617d472e301dfc89"
  integrity sha512-5BMULNob1vgFX6EjQw5izWDxrecWK9AM72rugNr0TFldMOi0fj6Jk+zeKIt0xGj4cEfQIJth4w3OKWOJ4f+AFw==

is-plain-obj@^4.0.0:
  version "4.1.0"
  resolved "https://registry.yarnpkg.com/is-plain-obj/-/is-plain-obj-4.1.0.tgz#d65025edec3657ce032fd7db63c97883eaed71f0"
  integrity sha512-+Pgi+vMuUNkJyExiMBt5IlFoMyKnr5zhJ4Uspz58WOhBF5QoIZkFyNHIbBAtHwzVAgk5RtndVNsDRN61/mmDqg==

js-yaml@^3.13.1:
  version "3.14.1"
  resolved "https://registry.yarnpkg.com/js-yaml/-/js-yaml-3.14.1.tgz#dae812fdb3825fa306609a8717383c50c36a0537"
  integrity sha512-okMH7OXXJ7YrN9Ok3/SXrnu4iX9yOk+25nqX4imS2npuvTYDmo/QEZoqwZkYaIDk3jVvBOTOIEgEhaLOynBS9g==
  dependencies:
    argparse "^1.0.7"
    esprima "^4.0.0"

kind-of@^6.0.0, kind-of@^6.0.2:
  version "6.0.3"
  resolved "https://registry.yarnpkg.com/kind-of/-/kind-of-6.0.3.tgz#07c05034a6c349fa06e24fa35aa76db4580ce4dd"
  integrity sha512-dcS1ul+9tmeD95T+x28/ehLgd9mENa3LsvDTtzm3vyBEO7RPptvAD+t44WVXaUjTBRcrpFeFlC8WCruUR456hw==

kleur@^4.0.3:
  version "4.1.5"
  resolved "https://registry.yarnpkg.com/kleur/-/kleur-4.1.5.tgz#95106101795f7050c6c650f350c683febddb1780"
  integrity sha512-o+NO+8WrRiQEE4/7nwRJhN1HWpVmJm511pBHUxPLtp0BUISzlBplORYSmTclCnJvQq2tKu/sgl3xVpkc7ZWuQQ==

longest-streak@^3.0.0:
  version "3.1.0"
  resolved "https://registry.yarnpkg.com/longest-streak/-/longest-streak-3.1.0.tgz#62fa67cd958742a1574af9f39866364102d90cd4"
  integrity sha512-9Ri+o0JYgehTaVBBDoMqIl8GXtbWg711O3srftcHhZ0dqnETqLaoIK0x17fUw9rFSlK/0NlsKe0Ahhyl5pXE2g==

mdast-util-definitions@^5.0.0:
  version "5.1.1"
  resolved "https://registry.yarnpkg.com/mdast-util-definitions/-/mdast-util-definitions-5.1.1.tgz#2c1d684b28e53f84938bb06317944bee8efa79db"
  integrity sha512-rQ+Gv7mHttxHOBx2dkF4HWTg+EE+UR78ptQWDylzPKaQuVGdG4HIoY3SrS/pCp80nZ04greFvXbVFHT+uf0JVQ==
  dependencies:
    "@types/mdast" "^3.0.0"
    "@types/unist" "^2.0.0"
    unist-util-visit "^4.0.0"

mdast-util-from-markdown@^1.0.0:
  version "1.2.0"
  resolved "https://registry.yarnpkg.com/mdast-util-from-markdown/-/mdast-util-from-markdown-1.2.0.tgz#84df2924ccc6c995dec1e2368b2b208ad0a76268"
  integrity sha512-iZJyyvKD1+K7QX1b5jXdE7Sc5dtoTry1vzV28UZZe8Z1xVnB/czKntJ7ZAkG0tANqRnBF6p3p7GpU1y19DTf2Q==
  dependencies:
    "@types/mdast" "^3.0.0"
    "@types/unist" "^2.0.0"
    decode-named-character-reference "^1.0.0"
    mdast-util-to-string "^3.1.0"
    micromark "^3.0.0"
    micromark-util-decode-numeric-character-reference "^1.0.0"
    micromark-util-decode-string "^1.0.0"
    micromark-util-normalize-identifier "^1.0.0"
    micromark-util-symbol "^1.0.0"
    micromark-util-types "^1.0.0"
    unist-util-stringify-position "^3.0.0"
    uvu "^0.5.0"

mdast-util-to-hast@^12.0.0:
  version "12.2.4"
  resolved "https://registry.yarnpkg.com/mdast-util-to-hast/-/mdast-util-to-hast-12.2.4.tgz#34c1ef2b6cf01c27b3e3504e2c977c76f722e7e1"
  integrity sha512-a21xoxSef1l8VhHxS1Dnyioz6grrJkoaCUgGzMD/7dWHvboYX3VW53esRUfB5tgTyz4Yos1n25SPcj35dJqmAg==
  dependencies:
    "@types/hast" "^2.0.0"
    "@types/mdast" "^3.0.0"
    mdast-util-definitions "^5.0.0"
    micromark-util-sanitize-uri "^1.1.0"
    trim-lines "^3.0.0"
    unist-builder "^3.0.0"
    unist-util-generated "^2.0.0"
    unist-util-position "^4.0.0"
    unist-util-visit "^4.0.0"

mdast-util-to-markdown@^1.0.0:
  version "1.3.0"
  resolved "https://registry.yarnpkg.com/mdast-util-to-markdown/-/mdast-util-to-markdown-1.3.0.tgz#38b6cdc8dc417de642a469c4fc2abdf8c931bd1e"
  integrity sha512-6tUSs4r+KK4JGTTiQ7FfHmVOaDrLQJPmpjD6wPMlHGUVXoG9Vjc3jIeP+uyBWRf8clwB2blM+W7+KrlMYQnftA==
  dependencies:
    "@types/mdast" "^3.0.0"
    "@types/unist" "^2.0.0"
    longest-streak "^3.0.0"
    mdast-util-to-string "^3.0.0"
    micromark-util-decode-string "^1.0.0"
    unist-util-visit "^4.0.0"
    zwitch "^2.0.0"

mdast-util-to-string@^3.0.0, mdast-util-to-string@^3.1.0:
  version "3.1.0"
  resolved "https://registry.yarnpkg.com/mdast-util-to-string/-/mdast-util-to-string-3.1.0.tgz#56c506d065fbf769515235e577b5a261552d56e9"
  integrity sha512-n4Vypz/DZgwo0iMHLQL49dJzlp7YtAJP+N07MZHpjPf/5XJuHUWstviF4Mn2jEiR/GNmtnRRqnwsXExk3igfFA==

micromark-core-commonmark@^1.0.1:
  version "1.0.6"
  resolved "https://registry.yarnpkg.com/micromark-core-commonmark/-/micromark-core-commonmark-1.0.6.tgz#edff4c72e5993d93724a3c206970f5a15b0585ad"
  integrity sha512-K+PkJTxqjFfSNkfAhp4GB+cZPfQd6dxtTXnf+RjZOV7T4EEXnvgzOcnp+eSTmpGk9d1S9sL6/lqrgSNn/s0HZA==
  dependencies:
    decode-named-character-reference "^1.0.0"
    micromark-factory-destination "^1.0.0"
    micromark-factory-label "^1.0.0"
    micromark-factory-space "^1.0.0"
    micromark-factory-title "^1.0.0"
    micromark-factory-whitespace "^1.0.0"
    micromark-util-character "^1.0.0"
    micromark-util-chunked "^1.0.0"
    micromark-util-classify-character "^1.0.0"
    micromark-util-html-tag-name "^1.0.0"
    micromark-util-normalize-identifier "^1.0.0"
    micromark-util-resolve-all "^1.0.0"
    micromark-util-subtokenize "^1.0.0"
    micromark-util-symbol "^1.0.0"
    micromark-util-types "^1.0.1"
    uvu "^0.5.0"

micromark-factory-destination@^1.0.0:
  version "1.0.0"
  resolved "https://registry.yarnpkg.com/micromark-factory-destination/-/micromark-factory-destination-1.0.0.tgz#fef1cb59ad4997c496f887b6977aa3034a5a277e"
  integrity sha512-eUBA7Rs1/xtTVun9TmV3gjfPz2wEwgK5R5xcbIM5ZYAtvGF6JkyaDsj0agx8urXnO31tEO6Ug83iVH3tdedLnw==
  dependencies:
    micromark-util-character "^1.0.0"
    micromark-util-symbol "^1.0.0"
    micromark-util-types "^1.0.0"

micromark-factory-label@^1.0.0:
  version "1.0.2"
  resolved "https://registry.yarnpkg.com/micromark-factory-label/-/micromark-factory-label-1.0.2.tgz#6be2551fa8d13542fcbbac478258fb7a20047137"
  integrity sha512-CTIwxlOnU7dEshXDQ+dsr2n+yxpP0+fn271pu0bwDIS8uqfFcumXpj5mLn3hSC8iw2MUr6Gx8EcKng1dD7i6hg==
  dependencies:
    micromark-util-character "^1.0.0"
    micromark-util-symbol "^1.0.0"
    micromark-util-types "^1.0.0"
    uvu "^0.5.0"

micromark-factory-space@^1.0.0:
  version "1.0.0"
  resolved "https://registry.yarnpkg.com/micromark-factory-space/-/micromark-factory-space-1.0.0.tgz#cebff49968f2b9616c0fcb239e96685cb9497633"
  integrity sha512-qUmqs4kj9a5yBnk3JMLyjtWYN6Mzfcx8uJfi5XAveBniDevmZasdGBba5b4QsvRcAkmvGo5ACmSUmyGiKTLZew==
  dependencies:
    micromark-util-character "^1.0.0"
    micromark-util-types "^1.0.0"

micromark-factory-title@^1.0.0:
  version "1.0.2"
  resolved "https://registry.yarnpkg.com/micromark-factory-title/-/micromark-factory-title-1.0.2.tgz#7e09287c3748ff1693930f176e1c4a328382494f"
  integrity sha512-zily+Nr4yFqgMGRKLpTVsNl5L4PMu485fGFDOQJQBl2NFpjGte1e86zC0da93wf97jrc4+2G2GQudFMHn3IX+A==
  dependencies:
    micromark-factory-space "^1.0.0"
    micromark-util-character "^1.0.0"
    micromark-util-symbol "^1.0.0"
    micromark-util-types "^1.0.0"
    uvu "^0.5.0"

micromark-factory-whitespace@^1.0.0:
  version "1.0.0"
  resolved "https://registry.yarnpkg.com/micromark-factory-whitespace/-/micromark-factory-whitespace-1.0.0.tgz#e991e043ad376c1ba52f4e49858ce0794678621c"
  integrity sha512-Qx7uEyahU1lt1RnsECBiuEbfr9INjQTGa6Err+gF3g0Tx4YEviPbqqGKNv/NrBaE7dVHdn1bVZKM/n5I/Bak7A==
  dependencies:
    micromark-factory-space "^1.0.0"
    micromark-util-character "^1.0.0"
    micromark-util-symbol "^1.0.0"
    micromark-util-types "^1.0.0"

micromark-util-character@^1.0.0:
  version "1.1.0"
  resolved "https://registry.yarnpkg.com/micromark-util-character/-/micromark-util-character-1.1.0.tgz#d97c54d5742a0d9611a68ca0cd4124331f264d86"
  integrity sha512-agJ5B3unGNJ9rJvADMJ5ZiYjBRyDpzKAOk01Kpi1TKhlT1APx3XZk6eN7RtSz1erbWHC2L8T3xLZ81wdtGRZzg==
  dependencies:
    micromark-util-symbol "^1.0.0"
    micromark-util-types "^1.0.0"

micromark-util-chunked@^1.0.0:
  version "1.0.0"
  resolved "https://registry.yarnpkg.com/micromark-util-chunked/-/micromark-util-chunked-1.0.0.tgz#5b40d83f3d53b84c4c6bce30ed4257e9a4c79d06"
  integrity sha512-5e8xTis5tEZKgesfbQMKRCyzvffRRUX+lK/y+DvsMFdabAicPkkZV6gO+FEWi9RfuKKoxxPwNL+dFF0SMImc1g==
  dependencies:
    micromark-util-symbol "^1.0.0"

micromark-util-classify-character@^1.0.0:
  version "1.0.0"
  resolved "https://registry.yarnpkg.com/micromark-util-classify-character/-/micromark-util-classify-character-1.0.0.tgz#cbd7b447cb79ee6997dd274a46fc4eb806460a20"
  integrity sha512-F8oW2KKrQRb3vS5ud5HIqBVkCqQi224Nm55o5wYLzY/9PwHGXC01tr3d7+TqHHz6zrKQ72Okwtvm/xQm6OVNZA==
  dependencies:
    micromark-util-character "^1.0.0"
    micromark-util-symbol "^1.0.0"
    micromark-util-types "^1.0.0"

micromark-util-combine-extensions@^1.0.0:
  version "1.0.0"
  resolved "https://registry.yarnpkg.com/micromark-util-combine-extensions/-/micromark-util-combine-extensions-1.0.0.tgz#91418e1e74fb893e3628b8d496085639124ff3d5"
  integrity sha512-J8H058vFBdo/6+AsjHp2NF7AJ02SZtWaVUjsayNFeAiydTxUwViQPxN0Hf8dp4FmCQi0UUFovFsEyRSUmFH3MA==
  dependencies:
    micromark-util-chunked "^1.0.0"
    micromark-util-types "^1.0.0"

micromark-util-decode-numeric-character-reference@^1.0.0:
  version "1.0.0"
  resolved "https://registry.yarnpkg.com/micromark-util-decode-numeric-character-reference/-/micromark-util-decode-numeric-character-reference-1.0.0.tgz#dcc85f13b5bd93ff8d2868c3dba28039d490b946"
  integrity sha512-OzO9AI5VUtrTD7KSdagf4MWgHMtET17Ua1fIpXTpuhclCqD8egFWo85GxSGvxgkGS74bEahvtM0WP0HjvV0e4w==
  dependencies:
    micromark-util-symbol "^1.0.0"

micromark-util-decode-string@^1.0.0:
  version "1.0.2"
  resolved "https://registry.yarnpkg.com/micromark-util-decode-string/-/micromark-util-decode-string-1.0.2.tgz#942252ab7a76dec2dbf089cc32505ee2bc3acf02"
  integrity sha512-DLT5Ho02qr6QWVNYbRZ3RYOSSWWFuH3tJexd3dgN1odEuPNxCngTCXJum7+ViRAd9BbdxCvMToPOD/IvVhzG6Q==
  dependencies:
    decode-named-character-reference "^1.0.0"
    micromark-util-character "^1.0.0"
    micromark-util-decode-numeric-character-reference "^1.0.0"
    micromark-util-symbol "^1.0.0"

micromark-util-encode@^1.0.0:
  version "1.0.1"
  resolved "https://registry.yarnpkg.com/micromark-util-encode/-/micromark-util-encode-1.0.1.tgz#2c1c22d3800870ad770ece5686ebca5920353383"
  integrity sha512-U2s5YdnAYexjKDel31SVMPbfi+eF8y1U4pfiRW/Y8EFVCy/vgxk/2wWTxzcqE71LHtCuCzlBDRU2a5CQ5j+mQA==

micromark-util-html-tag-name@^1.0.0:
  version "1.1.0"
  resolved "https://registry.yarnpkg.com/micromark-util-html-tag-name/-/micromark-util-html-tag-name-1.1.0.tgz#eb227118befd51f48858e879b7a419fc0df20497"
  integrity sha512-BKlClMmYROy9UiV03SwNmckkjn8QHVaWkqoAqzivabvdGcwNGMMMH/5szAnywmsTBUzDsU57/mFi0sp4BQO6dA==

micromark-util-normalize-identifier@^1.0.0:
  version "1.0.0"
  resolved "https://registry.yarnpkg.com/micromark-util-normalize-identifier/-/micromark-util-normalize-identifier-1.0.0.tgz#4a3539cb8db954bbec5203952bfe8cedadae7828"
  integrity sha512-yg+zrL14bBTFrQ7n35CmByWUTFsgst5JhA4gJYoty4Dqzj4Z4Fr/DHekSS5aLfH9bdlfnSvKAWsAgJhIbogyBg==
  dependencies:
    micromark-util-symbol "^1.0.0"

micromark-util-resolve-all@^1.0.0:
  version "1.0.0"
  resolved "https://registry.yarnpkg.com/micromark-util-resolve-all/-/micromark-util-resolve-all-1.0.0.tgz#a7c363f49a0162e931960c44f3127ab58f031d88"
  integrity sha512-CB/AGk98u50k42kvgaMM94wzBqozSzDDaonKU7P7jwQIuH2RU0TeBqGYJz2WY1UdihhjweivStrJ2JdkdEmcfw==
  dependencies:
    micromark-util-types "^1.0.0"

micromark-util-sanitize-uri@^1.0.0, micromark-util-sanitize-uri@^1.1.0:
  version "1.1.0"
  resolved "https://registry.yarnpkg.com/micromark-util-sanitize-uri/-/micromark-util-sanitize-uri-1.1.0.tgz#f12e07a85106b902645e0364feb07cf253a85aee"
  integrity sha512-RoxtuSCX6sUNtxhbmsEFQfWzs8VN7cTctmBPvYivo98xb/kDEoTCtJQX5wyzIYEmk/lvNFTat4hL8oW0KndFpg==
  dependencies:
    micromark-util-character "^1.0.0"
    micromark-util-encode "^1.0.0"
    micromark-util-symbol "^1.0.0"

micromark-util-subtokenize@^1.0.0:
  version "1.0.2"
  resolved "https://registry.yarnpkg.com/micromark-util-subtokenize/-/micromark-util-subtokenize-1.0.2.tgz#ff6f1af6ac836f8bfdbf9b02f40431760ad89105"
  integrity sha512-d90uqCnXp/cy4G881Ub4psE57Sf8YD0pim9QdjCRNjfas2M1u6Lbt+XZK9gnHL2XFhnozZiEdCa9CNfXSfQ6xA==
  dependencies:
    micromark-util-chunked "^1.0.0"
    micromark-util-symbol "^1.0.0"
    micromark-util-types "^1.0.0"
    uvu "^0.5.0"

micromark-util-symbol@^1.0.0:
  version "1.0.1"
  resolved "https://registry.yarnpkg.com/micromark-util-symbol/-/micromark-util-symbol-1.0.1.tgz#b90344db62042ce454f351cf0bebcc0a6da4920e"
  integrity sha512-oKDEMK2u5qqAptasDAwWDXq0tG9AssVwAx3E9bBF3t/shRIGsWIRG+cGafs2p/SnDSOecnt6hZPCE2o6lHfFmQ==

micromark-util-types@^1.0.0, micromark-util-types@^1.0.1:
  version "1.0.2"
  resolved "https://registry.yarnpkg.com/micromark-util-types/-/micromark-util-types-1.0.2.tgz#f4220fdb319205812f99c40f8c87a9be83eded20"
  integrity sha512-DCfg/T8fcrhrRKTPjRrw/5LLvdGV7BHySf/1LOZx7TzWZdYRjogNtyNq885z3nNallwr3QUKARjqvHqX1/7t+w==

micromark@^3.0.0:
  version "3.1.0"
  resolved "https://registry.yarnpkg.com/micromark/-/micromark-3.1.0.tgz#eeba0fe0ac1c9aaef675157b52c166f125e89f62"
  integrity sha512-6Mj0yHLdUZjHnOPgr5xfWIMqMWS12zDN6iws9SLuSz76W8jTtAv24MN4/CL7gJrl5vtxGInkkqDv/JIoRsQOvA==
  dependencies:
    "@types/debug" "^4.0.0"
    debug "^4.0.0"
    decode-named-character-reference "^1.0.0"
    micromark-core-commonmark "^1.0.1"
    micromark-factory-space "^1.0.0"
    micromark-util-character "^1.0.0"
    micromark-util-chunked "^1.0.0"
    micromark-util-combine-extensions "^1.0.0"
    micromark-util-decode-numeric-character-reference "^1.0.0"
    micromark-util-encode "^1.0.0"
    micromark-util-normalize-identifier "^1.0.0"
    micromark-util-resolve-all "^1.0.0"
    micromark-util-sanitize-uri "^1.0.0"
    micromark-util-subtokenize "^1.0.0"
    micromark-util-symbol "^1.0.0"
    micromark-util-types "^1.0.1"
    uvu "^0.5.0"

mri@^1.1.0:
  version "1.2.0"
  resolved "https://registry.yarnpkg.com/mri/-/mri-1.2.0.tgz#6721480fec2a11a4889861115a48b6cbe7cc8f0b"
  integrity sha512-tzzskb3bG8LvYGFF/mDTpq3jpI6Q9wc3LEmBaghu+DdCssd1FakN7Bc0hVNmEyGq1bq3RgfkCb3cmQLpNPOroA==

ms@2.1.2:
  version "2.1.2"
  resolved "https://registry.yarnpkg.com/ms/-/ms-2.1.2.tgz#d09d1f357b443f493382a8eb3ccd183872ae6009"
  integrity sha512-sGkPx+VjMtmA6MX27oA4FBFELFCZZ4S4XqeGOXCv68tT+jb3vk/RyaKWP0PTKyWtmLSM0b+adUTEvbs1PEaH2w==

node-domexception@^1.0.0:
  version "1.0.0"
  resolved "https://registry.yarnpkg.com/node-domexception/-/node-domexception-1.0.0.tgz#6888db46a1f71c0b76b3f7555016b63fe64766e5"
  integrity sha512-/jKZoMpw0F8GRwl4/eLROPA3cfcXtLApP0QzLmUT/HuPCZWyB7IY9ZrMeKw2O/nFIqPQB3PVM9aYm0F312AXDQ==

node-fetch@^3.2.10:
  version "3.2.10"
  resolved "https://registry.yarnpkg.com/node-fetch/-/node-fetch-3.2.10.tgz#e8347f94b54ae18b57c9c049ef641cef398a85c8"
  integrity sha512-MhuzNwdURnZ1Cp4XTazr69K0BTizsBroX7Zx3UgDSVcZYKF/6p0CBe4EUb/hLqmzVhl0UpYfgRljQ4yxE+iCxA==
  dependencies:
    data-uri-to-buffer "^4.0.0"
    fetch-blob "^3.1.4"
    formdata-polyfill "^4.0.10"

property-information@^6.0.0:
  version "6.2.0"
  resolved "https://registry.yarnpkg.com/property-information/-/property-information-6.2.0.tgz#b74f522c31c097b5149e3c3cb8d7f3defd986a1d"
  integrity sha512-kma4U7AFCTwpqq5twzC1YVIDXSqg6qQK6JN0smOw8fgRy1OkMi0CYSzFmsy6dnqSenamAtj0CyXMUJ1Mf6oROg==

remark-html@^15.0.1:
  version "15.0.1"
  resolved "https://registry.yarnpkg.com/remark-html/-/remark-html-15.0.1.tgz#199cc78656d857834de0304c4b54a773f3272078"
  integrity sha512-7ta5UPRqj8nP0GhGMYUAghZ/DRno7dgq7alcW90A7+9pgJsXzGJlFgwF8HOP1b1tMgT3WwbeANN+CaTimMfyNQ==
  dependencies:
    "@types/mdast" "^3.0.0"
    hast-util-sanitize "^4.0.0"
    hast-util-to-html "^8.0.0"
    mdast-util-to-hast "^12.0.0"
    unified "^10.0.0"

remark-parse@^10.0.0:
  version "10.0.1"
  resolved "https://registry.yarnpkg.com/remark-parse/-/remark-parse-10.0.1.tgz#6f60ae53edbf0cf38ea223fe643db64d112e0775"
  integrity sha512-1fUyHr2jLsVOkhbvPRBJ5zTKZZyD6yZzYaWCS6BPBdQ8vEMBCH+9zNCDA6tET/zHCi/jLqjCWtlJZUPk+DbnFw==
  dependencies:
    "@types/mdast" "^3.0.0"
    mdast-util-from-markdown "^1.0.0"
    unified "^10.0.0"

remark-stringify@^10.0.0:
  version "10.0.2"
  resolved "https://registry.yarnpkg.com/remark-stringify/-/remark-stringify-10.0.2.tgz#50414a6983f5008eb9e72eed05f980582d1f69d7"
  integrity sha512-6wV3pvbPvHkbNnWB0wdDvVFHOe1hBRAx1Q/5g/EpH4RppAII6J8Gnwe7VbHuXaoKIF6LAg6ExTel/+kNqSQ7lw==
  dependencies:
    "@types/mdast" "^3.0.0"
    mdast-util-to-markdown "^1.0.0"
    unified "^10.0.0"

remark@^14.0.2:
  version "14.0.2"
  resolved "https://registry.yarnpkg.com/remark/-/remark-14.0.2.tgz#4a1833f7441a5c29e44b37bb1843fb820797b40f"
  integrity sha512-A3ARm2V4BgiRXaUo5K0dRvJ1lbogrbXnhkJRmD0yw092/Yl0kOCZt1k9ZeElEwkZsWGsMumz6qL5MfNJH9nOBA==
  dependencies:
    "@types/mdast" "^3.0.0"
    remark-parse "^10.0.0"
    remark-stringify "^10.0.0"
    unified "^10.0.0"

sade@^1.7.3:
  version "1.8.1"
  resolved "https://registry.yarnpkg.com/sade/-/sade-1.8.1.tgz#0a78e81d658d394887be57d2a409bf703a3b2701"
  integrity sha512-xal3CZX1Xlo/k4ApwCFrHVACi9fBqJ7V+mwhBsuf/1IOKbBy098Fex+Wa/5QMubw09pSZ/u8EY8PWgevJsXp1A==
  dependencies:
    mri "^1.1.0"

section-matter@^1.0.0:
  version "1.0.0"
  resolved "https://registry.yarnpkg.com/section-matter/-/section-matter-1.0.0.tgz#e9041953506780ec01d59f292a19c7b850b84167"
  integrity sha512-vfD3pmTzGpufjScBh50YHKzEu2lxBWhVEHsNGoEXmCmn2hKGfeNLYMzCJpe8cD7gqX7TJluOVpBkAequ6dgMmA==
  dependencies:
    extend-shallow "^2.0.1"
    kind-of "^6.0.0"

space-separated-tokens@^2.0.0:
  version "2.0.2"
  resolved "https://registry.yarnpkg.com/space-separated-tokens/-/space-separated-tokens-2.0.2.tgz#1ecd9d2350a3844572c3f4a312bceb018348859f"
  integrity sha512-PEGlAwrG8yXGXRjW32fGbg66JAlOAwbObuqVoJpv/mRgoWDQfgH1wDPvtzWyUSNAXBGSk8h755YDbbcEy3SH2Q==

sprintf-js@~1.0.2:
  version "1.0.3"
  resolved "https://registry.yarnpkg.com/sprintf-js/-/sprintf-js-1.0.3.tgz#04e6926f662895354f3dd015203633b857297e2c"
  integrity sha512-D9cPgkvLlV3t3IzL0D0YLvGA9Ahk4PcvVwUbN0dSGr1aP0Nrt4AEnTUbuGvquEC0mA64Gqt1fzirlRs5ibXx8g==

stringify-entities@^4.0.2:
  version "4.0.3"
  resolved "https://registry.yarnpkg.com/stringify-entities/-/stringify-entities-4.0.3.tgz#cfabd7039d22ad30f3cc435b0ca2c1574fc88ef8"
  integrity sha512-BP9nNHMhhfcMbiuQKCqMjhDP5yBCAxsPu4pHFFzJ6Alo9dZgY4VLDPutXqIjpRiMoKdp7Av85Gr73Q5uH9k7+g==
  dependencies:
    character-entities-html4 "^2.0.0"
    character-entities-legacy "^3.0.0"

strip-bom-string@^1.0.0:
  version "1.0.0"
  resolved "https://registry.yarnpkg.com/strip-bom-string/-/strip-bom-string-1.0.0.tgz#e5211e9224369fbb81d633a2f00044dc8cedad92"
  integrity sha512-uCC2VHvQRYu+lMh4My/sFNmF2klFymLX1wHJeXnbEJERpV/ZsVuonzerjfrGpIGF7LBVa1O7i9kjiWvJiFck8g==

trim-lines@^3.0.0:
  version "3.0.1"
  resolved "https://registry.yarnpkg.com/trim-lines/-/trim-lines-3.0.1.tgz#d802e332a07df861c48802c04321017b1bd87338"
  integrity sha512-kRj8B+YHZCc9kQYdWfJB2/oUl9rA99qbowYYBtr4ui4mZyAQ2JpvVBd/6U2YloATfqBhBTSMhTpgBHtU0Mf3Rg==

trough@^2.0.0:
  version "2.1.0"
  resolved "https://registry.yarnpkg.com/trough/-/trough-2.1.0.tgz#0f7b511a4fde65a46f18477ab38849b22c554876"
  integrity sha512-AqTiAOLcj85xS7vQ8QkAV41hPDIJ71XJB4RCUrzo/1GM2CQwhkJGaf9Hgr7BOugMRpgGUrqRg/DrBDl4H40+8g==

tunnel@^0.0.6:
  version "0.0.6"
  resolved "https://registry.yarnpkg.com/tunnel/-/tunnel-0.0.6.tgz#72f1314b34a5b192db012324df2cc587ca47f92c"
  integrity sha512-1h/Lnq9yajKY2PEbBadPXj3VxsDDu844OnaAo52UVmIzIvwwtBPIuNvkjuzBlTWpfJyUbG3ez0KSBibQkj4ojg==

unified@^10.0.0:
  version "10.1.2"
  resolved "https://registry.yarnpkg.com/unified/-/unified-10.1.2.tgz#b1d64e55dafe1f0b98bb6c719881103ecf6c86df"
  integrity sha512-pUSWAi/RAnVy1Pif2kAoeWNBa3JVrx0MId2LASj8G+7AiHWoKZNTomq6LG326T68U7/e263X6fTdcXIy7XnF7Q==
  dependencies:
    "@types/unist" "^2.0.0"
    bail "^2.0.0"
    extend "^3.0.0"
    is-buffer "^2.0.0"
    is-plain-obj "^4.0.0"
    trough "^2.0.0"
    vfile "^5.0.0"

unist-builder@^3.0.0:
  version "3.0.0"
  resolved "https://registry.yarnpkg.com/unist-builder/-/unist-builder-3.0.0.tgz#728baca4767c0e784e1e64bb44b5a5a753021a04"
  integrity sha512-GFxmfEAa0vi9i5sd0R2kcrI9ks0r82NasRq5QHh2ysGngrc6GiqD5CDf1FjPenY4vApmFASBIIlk/jj5J5YbmQ==
  dependencies:
    "@types/unist" "^2.0.0"

unist-util-generated@^2.0.0:
  version "2.0.0"
  resolved "https://registry.yarnpkg.com/unist-util-generated/-/unist-util-generated-2.0.0.tgz#86fafb77eb6ce9bfa6b663c3f5ad4f8e56a60113"
  integrity sha512-TiWE6DVtVe7Ye2QxOVW9kqybs6cZexNwTwSMVgkfjEReqy/xwGpAXb99OxktoWwmL+Z+Epb0Dn8/GNDYP1wnUw==

unist-util-is@^5.0.0:
  version "5.1.1"
  resolved "https://registry.yarnpkg.com/unist-util-is/-/unist-util-is-5.1.1.tgz#e8aece0b102fa9bc097b0fef8f870c496d4a6236"
  integrity sha512-F5CZ68eYzuSvJjGhCLPL3cYx45IxkqXSetCcRgUXtbcm50X2L9oOWQlfUfDdAf+6Pd27YDblBfdtmsThXmwpbQ==

unist-util-position@^4.0.0:
  version "4.0.3"
  resolved "https://registry.yarnpkg.com/unist-util-position/-/unist-util-position-4.0.3.tgz#5290547b014f6222dff95c48d5c3c13a88fadd07"
  integrity sha512-p/5EMGIa1qwbXjA+QgcBXaPWjSnZfQ2Sc3yBEEfgPwsEmJd8Qh+DSk3LGnmOM4S1bY2C0AjmMnB8RuEYxpPwXQ==
  dependencies:
    "@types/unist" "^2.0.0"

unist-util-stringify-position@^3.0.0:
  version "3.0.2"
  resolved "https://registry.yarnpkg.com/unist-util-stringify-position/-/unist-util-stringify-position-3.0.2.tgz#5c6aa07c90b1deffd9153be170dce628a869a447"
  integrity sha512-7A6eiDCs9UtjcwZOcCpM4aPII3bAAGv13E96IkawkOAW0OhH+yRxtY0lzo8KiHpzEMfH7Q+FizUmwp8Iqy5EWg==
  dependencies:
    "@types/unist" "^2.0.0"

unist-util-visit-parents@^5.1.1:
  version "5.1.1"
  resolved "https://registry.yarnpkg.com/unist-util-visit-parents/-/unist-util-visit-parents-5.1.1.tgz#868f353e6fce6bf8fa875b251b0f4fec3be709bb"
  integrity sha512-gks4baapT/kNRaWxuGkl5BIhoanZo7sC/cUT/JToSRNL1dYoXRFl75d++NkjYk4TAu2uv2Px+l8guMajogeuiw==
  dependencies:
    "@types/unist" "^2.0.0"
    unist-util-is "^5.0.0"

unist-util-visit@^4.0.0:
  version "4.1.1"
  resolved "https://registry.yarnpkg.com/unist-util-visit/-/unist-util-visit-4.1.1.tgz#1c4842d70bd3df6cc545276f5164f933390a9aad"
  integrity sha512-n9KN3WV9k4h1DxYR1LoajgN93wpEi/7ZplVe02IoB4gH5ctI1AaF2670BLHQYbwj+pY83gFtyeySFiyMHJklrg==
  dependencies:
    "@types/unist" "^2.0.0"
    unist-util-is "^5.0.0"
    unist-util-visit-parents "^5.1.1"

uuid@^8.3.2:
  version "8.3.2"
  resolved "https://registry.yarnpkg.com/uuid/-/uuid-8.3.2.tgz#80d5b5ced271bb9af6c445f21a1a04c606cefbe2"
  integrity sha512-+NYs2QeMWy+GWFOEm9xnn6HCDp0l7QBD7ml8zLUmJ+93Q5NF0NocErnwkTkXVFNiX3/fpC6afS8Dhb/gz7R7eg==

uvu@^0.5.0:
  version "0.5.6"
  resolved "https://registry.yarnpkg.com/uvu/-/uvu-0.5.6.tgz#2754ca20bcb0bb59b64e9985e84d2e81058502df"
  integrity sha512-+g8ENReyr8YsOc6fv/NVJs2vFdHBnBNdfE49rshrTzDWOlUx4Gq7KOS2GD8eqhy2j+Ejq29+SbKH8yjkAqXqoA==
  dependencies:
    dequal "^2.0.0"
    diff "^5.0.0"
    kleur "^4.0.3"
    sade "^1.7.3"

vfile-message@^3.0.0:
  version "3.1.3"
  resolved "https://registry.yarnpkg.com/vfile-message/-/vfile-message-3.1.3.tgz#1360c27a99234bebf7bddbbbca67807115e6b0dd"
  integrity sha512-0yaU+rj2gKAyEk12ffdSbBfjnnj+b1zqTBv3OQCTn8yEB02bsPizwdBPrLJjHnK+cU9EMMcUnNv938XcZIkmdA==
  dependencies:
    "@types/unist" "^2.0.0"
    unist-util-stringify-position "^3.0.0"

vfile@^5.0.0:
  version "5.3.6"
  resolved "https://registry.yarnpkg.com/vfile/-/vfile-5.3.6.tgz#61b2e70690cc835a5d0d0fd135beae74e5a39546"
  integrity sha512-ADBsmerdGBs2WYckrLBEmuETSPyTD4TuLxTrw0DvjirxW1ra4ZwkbzG8ndsv3Q57smvHxo677MHaQrY9yxH8cA==
  dependencies:
    "@types/unist" "^2.0.0"
    is-buffer "^2.0.0"
    unist-util-stringify-position "^3.0.0"
    vfile-message "^3.0.0"

web-streams-polyfill@^3.0.3:
  version "3.2.1"
  resolved "https://registry.yarnpkg.com/web-streams-polyfill/-/web-streams-polyfill-3.2.1.tgz#71c2718c52b45fd49dbeee88634b3a60ceab42a6"
  integrity sha512-e0MO3wdXWKrLbL0DgGnUV7WHVuw9OUvL4hjgnPkIeEvESk74gAITi5G606JtZPp39cd8HA9VQzCIvA49LpPN5Q==

zwitch@^2.0.0:
  version "2.0.4"
  resolved "https://registry.yarnpkg.com/zwitch/-/zwitch-2.0.4.tgz#c827d4b0acb76fc3e685a4c6ec2902d51070e9d7"
  integrity sha512-bXE4cR/kVZhKZX/RjPEflHaKVhUVl85noU3v6b8apfQEc1x4A+zBxjZ4lN8LqGd6WZ3dl98pY4o717VFmoPp+A==
